
Microsoft Visual Studio Solution File, Format Version 12.00
# Visual Studio Version 16
VisualStudioVersion = 16.0.31129.286
MinimumVisualStudioVersion = 10.0.40219.1
Project("{FAE04EC0-301F-11D3-BF4B-00C04F79EFBC}") = "KeyBoard and Others", "KeyBoard and Others\KeyBoard and Others.csproj", "{36A32BA9-DDE3-4191-98D1-0D53B0F1804D}"
EndProject
Project("{FAE04EC0-301F-11D3-BF4B-00C04F79EFBC}") = "ErrorProvider. NotifyIcon", "ErrorProvider. NotifyIcon\ErrorProvider. NotifyIcon.csproj", "{DA1D11AF-1D47-4C97-8D91-8B89DBFC4473}"
EndProject
Project("{FAE04EC0-301F-11D3-BF4B-00C04F79EFBC}") = "TrackBar. HScrollBar. ProgressBar", "TrackBar. HScrollBar. ProgressBar\TrackBar. HScrollBar. ProgressBar.csproj", "{7E807543-0369-4495-AEFB-7F9B4E1BC298}"
EndProject
Global
	GlobalSection(SolutionConfigurationPlatforms) = preSolution
		Debug|Any CPU = Debug|Any CPU
		Release|Any CPU = Release|Any CPU
	EndGlobalSection
	GlobalSection(ProjectConfigurationPlatforms) = postSolution
		{36A32BA9-DDE3-4191-98D1-0D53B0F1804D}.Debug|Any CPU.ActiveCfg = Debug|Any CPU
		{36A32BA9-DDE3-4191-98D1-0D53B0F1804D}.Debug|Any CPU.Build.0 = Debug|Any CPU
		{36A32BA9-DDE3-4191-98D1-0D53B0F1804D}.Release|Any CPU.ActiveCfg = Release|Any CPU
		{36A32BA9-DDE3-4191-98D1-0D53B0F1804D}.Release|Any CPU.Build.0 = Release|Any CPU
		{DA1D11AF-1D47-4C97-8D91-8B89DBFC4473}.Debug|Any CPU.ActiveCfg = Debug|Any CPU
		{DA1D11AF-1D47-4C97-8D91-8B89DBFC4473}.Debug|Any CPU.Build.0 = Debug|Any CPU
		{DA1D11AF-1D47-4C97-8D91-8B89DBFC4473}.Release|Any CPU.ActiveCfg = Release|Any CPU
		{DA1D11AF-1D47-4C97-8D91-8B89DBFC4473}.Release|Any CPU.Build.0 = Release|Any CPU
		{7E807543-0369-4495-AEFB-7F9B4E1BC298}.Debug|Any CPU.ActiveCfg = Debug|Any CPU
		{7E807543-0369-4495-AEFB-7F9B4E1BC298}.Debug|Any CPU.Build.0 = Debug|Any CPU
		{7E807543-0369-4495-AEFB-7F9B4E1BC298}.Release|Any CPU.ActiveCfg = Release|Any CPU
		{7E807543-0369-4495-AEFB-7F9B4E1BC298}.Release|Any CPU.Build.0 = Release|Any CPU
	EndGlobalSection
	GlobalSection(SolutionProperties) = preSolution
		HideSolutionNode = FALSE
	EndGlobalSection
	GlobalSection(ExtensibilityGlobals) = postSolution
		SolutionGuid = {DC5F0DAC-BE89-487E-94BD-9A9A3B4D77FC}
	EndGlobalSection
EndGlobal
