
Microsoft Visual Studio Solution File, Format Version 12.00
# Visual Studio Version 16
VisualStudioVersion = 16.0.31129.286
MinimumVisualStudioVersion = 10.0.40219.1
Project("{FAE04EC0-301F-11D3-BF4B-00C04F79EFBC}") = "Stac. Std. Dialog", "Stac. Std. Dialog\Stac. Std. Dialog.csproj", "{8FCB9C72-B2E4-4A75-9CC8-CD108A613102}"
EndProject
Global
	GlobalSection(SolutionConfigurationPlatforms) = preSolution
		Debug|Any CPU = Debug|Any CPU
		Release|Any CPU = Release|Any CPU
	EndGlobalSection
	GlobalSection(ProjectConfigurationPlatforms) = postSolution
		{8FCB9C72-B2E4-4A75-9CC8-CD108A613102}.Debug|Any CPU.ActiveCfg = Debug|Any CPU
		{8FCB9C72-B2E4-4A75-9CC8-CD108A613102}.Debug|Any CPU.Build.0 = Debug|Any CPU
		{8FCB9C72-B2E4-4A75-9CC8-CD108A613102}.Release|Any CPU.ActiveCfg = Release|Any CPU
		{8FCB9C72-B2E4-4A75-9CC8-CD108A613102}.Release|Any CPU.Build.0 = Release|Any CPU
	EndGlobalSection
	GlobalSection(SolutionProperties) = preSolution
		HideSolutionNode = FALSE
	EndGlobalSection
	GlobalSection(ExtensibilityGlobals) = postSolution
		SolutionGuid = {A027CF80-8693-412E-8268-B81ED55EAB18}
	EndGlobalSection
EndGlobal
