
Microsoft Visual Studio Solution File, Format Version 12.00
# Visual Studio Version 16
VisualStudioVersion = 16.0.31129.286
MinimumVisualStudioVersion = 10.0.40219.1
Project("{FAE04EC0-301F-11D3-BF4B-00C04F79EFBC}") = "TreeView. WF", "TreeView. WF\TreeView. WF.csproj", "{B13A57BC-E131-4DC8-B8E2-5B35A04F2AA3}"
EndProject
Project("{FAE04EC0-301F-11D3-BF4B-00C04F79EFBC}") = "Directories. Providnik", "Directories. Providnik\Directories. Providnik.csproj", "{82923ACE-F451-496D-B0C9-5C0D70D3EA16}"
EndProject
Global
	GlobalSection(SolutionConfigurationPlatforms) = preSolution
		Debug|Any CPU = Debug|Any CPU
		Release|Any CPU = Release|Any CPU
	EndGlobalSection
	GlobalSection(ProjectConfigurationPlatforms) = postSolution
		{B13A57BC-E131-4DC8-B8E2-5B35A04F2AA3}.Debug|Any CPU.ActiveCfg = Debug|Any CPU
		{B13A57BC-E131-4DC8-B8E2-5B35A04F2AA3}.Debug|Any CPU.Build.0 = Debug|Any CPU
		{B13A57BC-E131-4DC8-B8E2-5B35A04F2AA3}.Release|Any CPU.ActiveCfg = Release|Any CPU
		{B13A57BC-E131-4DC8-B8E2-5B35A04F2AA3}.Release|Any CPU.Build.0 = Release|Any CPU
		{82923ACE-F451-496D-B0C9-5C0D70D3EA16}.Debug|Any CPU.ActiveCfg = Debug|Any CPU
		{82923ACE-F451-496D-B0C9-5C0D70D3EA16}.Debug|Any CPU.Build.0 = Debug|Any CPU
		{82923ACE-F451-496D-B0C9-5C0D70D3EA16}.Release|Any CPU.ActiveCfg = Release|Any CPU
		{82923ACE-F451-496D-B0C9-5C0D70D3EA16}.Release|Any CPU.Build.0 = Release|Any CPU
	EndGlobalSection
	GlobalSection(SolutionProperties) = preSolution
		HideSolutionNode = FALSE
	EndGlobalSection
	GlobalSection(ExtensibilityGlobals) = postSolution
		SolutionGuid = {2329AD2B-0A65-4280-87F0-D930C7640052}
	EndGlobalSection
EndGlobal
