
Microsoft Visual Studio Solution File, Format Version 12.00
# Visual Studio Version 16
VisualStudioVersion = 16.0.31129.286
MinimumVisualStudioVersion = 10.0.40219.1
Project("{FAE04EC0-301F-11D3-BF4B-00C04F79EFBC}") = "FormInteraction", "FormInteraction\FormInteraction.csproj", "{81597188-1F7B-4253-A551-BA844A0CF896}"
EndProject
Global
	GlobalSection(SolutionConfigurationPlatforms) = preSolution
		Debug|Any CPU = Debug|Any CPU
		Release|Any CPU = Release|Any CPU
	EndGlobalSection
	GlobalSection(ProjectConfigurationPlatforms) = postSolution
		{81597188-1F7B-4253-A551-BA844A0CF896}.Debug|Any CPU.ActiveCfg = Debug|Any CPU
		{81597188-1F7B-4253-A551-BA844A0CF896}.Debug|Any CPU.Build.0 = Debug|Any CPU
		{81597188-1F7B-4253-A551-BA844A0CF896}.Release|Any CPU.ActiveCfg = Release|Any CPU
		{81597188-1F7B-4253-A551-BA844A0CF896}.Release|Any CPU.Build.0 = Release|Any CPU
	EndGlobalSection
	GlobalSection(SolutionProperties) = preSolution
		HideSolutionNode = FALSE
	EndGlobalSection
	GlobalSection(ExtensibilityGlobals) = postSolution
		SolutionGuid = {94516EF8-6BBB-4788-A05C-C90EF428F070}
	EndGlobalSection
EndGlobal
